<Solution>
  <Project Path="Civitas.Id.Sweden.DataAnnotations.Tests/Civitas.Id.Sweden.DataAnnotations.Tests.csproj" />
  <Project Path="Civitas.Id.Sweden.DataAnnotations/Civitas.Id.Sweden.DataAnnotations.csproj" />
  <Project Path="Civitas.Id.Sweden.Fakers/Civitas.Id.Sweden.Fakers.csproj" />
  <Project Path="Civitas.Id.Sweden.Json.Tests/Civitas.Id.Sweden.Json.Tests.csproj" />
  <Project Path="Civitas.Id.Sweden.Json/Civitas.Id.Sweden.Json.csproj" />
  <Project Path="Civitas.Id.Sweden.Tests/Civitas.Id.Sweden.Tests.csproj" />
  <Project Path="Civitas.Id.Sweden/Civitas.Id.Sweden.csproj" />
</Solution>
